{
  "nodes": {
    "home-manager": {
      "inputs": {
        "nixpkgs": [
          "nixpkgs"
        ]
      },
      "locked": {
        "lastModified": 1736508663,
        "narHash": "sha256-ZOaGwa+WnB7Zn3YXimqjmIugAnHePdXCmNu+AHkq808=",
        "owner": "nix-community",
        "repo": "home-manager",
        "rev": "2532b500c3ed2b8940e831039dcec5a5ea093afc",
        "type": "github"
      },
      "original": {
        "owner": "nix-community",
        "ref": "master",
        "repo": "home-manager",
        "type": "github"
      }
    },
    "nixlib": {
      "locked": {
        "lastModified": 1734829460,
        "narHash": "sha256-dPhc+f2wkmhMqMIfq+hColJdysgVxKP9ilZ5bR0NRZI=",
        "owner": "nix-community",
        "repo": "nixpkgs.lib",
        "rev": "0a31e8d833173ae63e43fd9dbff1ccf09c4f778c",
        "type": "github"
      },
      "original": {
        "owner": "nix-community",
        "repo": "nixpkgs.lib",
        "type": "github"
      }
    },
    "nixos-generators": {
      "inputs": {
        "nixlib": "nixlib",
        "nixpkgs": [
          "nixpkgs"
        ]
      },
      "locked": {
        "lastModified": 1734915500,
        "narHash": "sha256-A7CTIQ8SW0hfbhKlwK+vSsu4pD+Oaelw3v6goX6go+U=",
        "owner": "nix-community",
        "repo": "nixos-generators",
        "rev": "051d1b2dda3b2e81b38d82e2b691e5c2f4d335f4",
        "type": "github"
      },
      "original": {
        "owner": "nix-community",
        "repo": "nixos-generators",
        "type": "github"
      }
    },
    "nixpkgs": {
      "locked": {
        "lastModified": 1736344531,
        "narHash": "sha256-8YVQ9ZbSfuUk2bUf2KRj60NRraLPKPS0Q4QFTbc+c2c=",
        "owner": "NixOS",
        "repo": "nixpkgs",
        "rev": "bffc22eb12172e6db3c5dde9e3e5628f8e3e7912",
        "type": "github"
      },
      "original": {
        "owner": "NixOS",
        "ref": "nixos-unstable",
        "repo": "nixpkgs",
        "type": "github"
      }
    },
    "root": {
      "inputs": {
        "home-manager": "home-manager",
        "nixos-generators": "nixos-generators",
        "nixpkgs": "nixpkgs"
      }
    }
  },
  "root": "root",
  "version": 7
}
